{
  "requires": true,
  "lockfileVersion": 1,
  "dependencies": {
    "commonmark": {
      "version": "0.21.0",
      "resolved": "https://registry.npmjs.org/commonmark/-/commonmark-0.21.0.tgz",
      "integrity": "sha1-rWRrM1zV9fmJK2mAEp7ZljJvD20=",
      "requires": {
        "entities": "~ 1.1.1",
        "mdurl": "~ 1.0.0",
        "string.prototype.repeat": "^0.2.0"
      }
    },
    "commonmark-helpers": {
      "version": "0.4.1",
      "resolved": "https://registry.npmjs.org/commonmark-helpers/-/commonmark-helpers-0.4.1.tgz",
      "integrity": "sha1-gDXSjdZMm65RkiCUi+qdabUEWTs=",
      "requires": {
        "commonmark": "^0.21.0",
        "ramda": "^0.17.1"
      }
    },
    "entities": {
      "version": "1.1.2",
      "resolved": "https://registry.npmjs.org/entities/-/entities-1.1.2.tgz",
      "integrity": "sha512-f2LZMYl1Fzu7YSBKg+RoROelpOaNrcGmE9AZubeDfrCEia483oW4MI4VyFd5VNHIgQ/7qm1I0wUHK1eJnn2y2w=="
    },
    "get-md-desc": {
      "version": "1.0.2",
      "resolved": "https://registry.npmjs.org/get-md-desc/-/get-md-desc-1.0.2.tgz",
      "integrity": "sha1-6PS2+58EzO2UXZY9GKP4A2JDyKo=",
      "requires": {
        "commonmark-helpers": "^0.4.0",
        "trim-html-tag": "^1.0.4"
      }
    },
    "get-md-title": {
      "version": "1.0.4",
      "resolved": "https://registry.npmjs.org/get-md-title/-/get-md-title-1.0.4.tgz",
      "integrity": "sha1-2uo3qVovexNsK93fqRfZp9/XDBU=",
      "requires": {
        "commonmark-helpers": "^0.4.0",
        "trim-html-tag": "^1.0.3"
      }
    },
    "gitbook-plugin-rss": {
      "version": "3.0.2",
      "resolved": "https://registry.npmjs.org/gitbook-plugin-rss/-/gitbook-plugin-rss-3.0.2.tgz",
      "integrity": "sha1-SqSvDgxBHHgbfVqO+tVUlhaUbNw=",
      "requires": {
        "get-md-desc": "^1.0.2",
        "get-md-title": "^1.0.4",
        "rss": "^1.2.2"
      }
    },
    "mdurl": {
      "version": "1.0.1",
      "resolved": "https://registry.npmjs.org/mdurl/-/mdurl-1.0.1.tgz",
      "integrity": "sha1-/oWy7HWlkDfyrf7BAP1sYBdhFS4="
    },
    "mime-db": {
      "version": "1.25.0",
      "resolved": "https://registry.npmjs.org/mime-db/-/mime-db-1.25.0.tgz",
      "integrity": "sha1-wY29fHOl2/b0SgJNwNFloeexw5I="
    },
    "mime-types": {
      "version": "2.1.13",
      "resolved": "https://registry.npmjs.org/mime-types/-/mime-types-2.1.13.tgz",
      "integrity": "sha1-4HqqnGxrmnyjASxpADrSWjnpKog=",
      "requires": {
        "mime-db": "~1.25.0"
      }
    },
    "ramda": {
      "version": "0.17.1",
      "resolved": "https://registry.npmjs.org/ramda/-/ramda-0.17.1.tgz",
      "integrity": "sha1-TBmBR9OrVOjBUlXxFzDiEW9uYHM="
    },
    "rss": {
      "version": "1.2.2",
      "resolved": "https://registry.npmjs.org/rss/-/rss-1.2.2.tgz",
      "integrity": "sha1-UKFpiHYTgTOnT5oF0r3I240nqSE=",
      "requires": {
        "mime-types": "2.1.13",
        "xml": "1.0.1"
      }
    },
    "string.prototype.repeat": {
      "version": "0.2.0",
      "resolved": "https://registry.npmjs.org/string.prototype.repeat/-/string.prototype.repeat-0.2.0.tgz",
      "integrity": "sha1-q6Nt4I3O5qWjN9SbLqHaGyj8Ds8="
    },
    "trim-html-tag": {
      "version": "1.0.5",
      "resolved": "https://registry.npmjs.org/trim-html-tag/-/trim-html-tag-1.0.5.tgz",
      "integrity": "sha1-u+rNf8P8wELOcC+RqtHM2dBad64=",
      "requires": {
        "ramda": "^0.17.1"
      }
    },
    "xml": {
      "version": "1.0.1",
      "resolved": "https://registry.npmjs.org/xml/-/xml-1.0.1.tgz",
      "integrity": "sha1-eLpyAgApxbyHuKgaPPzXS0ovweU="
    }
  }
}
