{
  "requires": true,
  "lockfileVersion": 1,
  "dependencies": {
    "classnames": {
      "version": "2.2.6",
      "resolved": "https://registry.npmjs.org/classnames/-/classnames-2.2.6.tgz",
      "integrity": "sha512-JR/iSQOSt+LQIWwrwEzJ9uk0xfN3mTVYMwt1Ir5mUcSN6pU+V4zQFFaJsclJbPuAUQH+yfWef6tm7l1quW3C8Q=="
    },
    "commonmark": {
      "version": "0.21.0",
      "resolved": "https://registry.npmjs.org/commonmark/-/commonmark-0.21.0.tgz",
      "integrity": "sha1-rWRrM1zV9fmJK2mAEp7ZljJvD20=",
      "requires": {
        "entities": "~ 1.1.1",
        "mdurl": "~ 1.0.0",
        "string.prototype.repeat": "^0.2.0"
      }
    },
    "commonmark-helpers": {
      "version": "0.4.1",
      "resolved": "https://registry.npmjs.org/commonmark-helpers/-/commonmark-helpers-0.4.1.tgz",
      "integrity": "sha1-gDXSjdZMm65RkiCUi+qdabUEWTs=",
      "requires": {
        "commonmark": "^0.21.0",
        "ramda": "^0.17.1"
      }
    },
    "entities": {
      "version": "1.1.2",
      "resolved": "https://registry.npmjs.org/entities/-/entities-1.1.2.tgz",
      "integrity": "sha512-f2LZMYl1Fzu7YSBKg+RoROelpOaNrcGmE9AZubeDfrCEia483oW4MI4VyFd5VNHIgQ/7qm1I0wUHK1eJnn2y2w=="
    },
    "get-md-desc": {
      "version": "1.0.2",
      "resolved": "https://registry.npmjs.org/get-md-desc/-/get-md-desc-1.0.2.tgz",
      "integrity": "sha1-6PS2+58EzO2UXZY9GKP4A2JDyKo=",
      "requires": {
        "commonmark-helpers": "^0.4.0",
        "trim-html-tag": "^1.0.4"
      }
    },
    "get-md-title": {
      "version": "1.0.4",
      "resolved": "https://registry.npmjs.org/get-md-title/-/get-md-title-1.0.4.tgz",
      "integrity": "sha1-2uo3qVovexNsK93fqRfZp9/XDBU=",
      "requires": {
        "commonmark-helpers": "^0.4.0",
        "trim-html-tag": "^1.0.3"
      }
    },
    "gitbook-markdown-css": {
      "version": "1.1.0",
      "resolved": "https://registry.npmjs.org/gitbook-markdown-css/-/gitbook-markdown-css-1.1.0.tgz",
      "integrity": "sha1-i7DHp3W7zXXZ11D34SlQtwl1HcQ="
    },
    "gitbook-plugin-rss": {
      "version": "3.0.2",
      "resolved": "https://registry.npmjs.org/gitbook-plugin-rss/-/gitbook-plugin-rss-3.0.2.tgz",
      "integrity": "sha1-SqSvDgxBHHgbfVqO+tVUlhaUbNw=",
      "requires": {
        "get-md-desc": "^1.0.2",
        "get-md-title": "^1.0.4",
        "rss": "^1.2.2"
      }
    },
    "gitbook-plugin-theme-official": {
      "version": "2.1.1",
      "resolved": "https://registry.npmjs.org/gitbook-plugin-theme-official/-/gitbook-plugin-theme-official-2.1.1.tgz",
      "integrity": "sha1-sYILreBLJ1tJVQbxAJOu2uuw5Io="
    },
    "gitbook-styleguide": {
      "version": "7.9.3",
      "resolved": "https://registry.npmjs.org/gitbook-styleguide/-/gitbook-styleguide-7.9.3.tgz",
      "integrity": "sha1-b5QoBUjXMEc/oj7Y+mh3keLYC+k=",
      "requires": {
        "classnames": "^2.2.5",
        "gitbook-markdown-css": "1.1.0",
        "moment": "^2.14.1",
        "moment-duration-format": "^1.3.0",
        "octicons": "3.4.1",
        "react-sticky": "^5.0.5",
        "roboto-fontface": "^0.6.0"
      }
    },
    "js-tokens": {
      "version": "4.0.0",
      "resolved": "https://registry.npmjs.org/js-tokens/-/js-tokens-4.0.0.tgz",
      "integrity": "sha512-RdJUflcE3cUzKiMqQgsCu06FPu9UdIJO0beYbPhHN4k6apgJtifcoCtT9bcxOpYBtpD2kCM6Sbzg4CausW/PKQ=="
    },
    "loose-envify": {
      "version": "1.4.0",
      "resolved": "https://registry.npmjs.org/loose-envify/-/loose-envify-1.4.0.tgz",
      "integrity": "sha512-lyuxPGr/Wfhrlem2CL/UcnUc1zcqKAImBDzukY7Y5F/yQiNdko6+fRLevlw1HgMySw7f611UIY408EtxRSoK3Q==",
      "requires": {
        "js-tokens": "^3.0.0 || ^4.0.0"
      }
    },
    "mdurl": {
      "version": "1.0.1",
      "resolved": "https://registry.npmjs.org/mdurl/-/mdurl-1.0.1.tgz",
      "integrity": "sha1-/oWy7HWlkDfyrf7BAP1sYBdhFS4="
    },
    "mime-db": {
      "version": "1.25.0",
      "resolved": "https://registry.npmjs.org/mime-db/-/mime-db-1.25.0.tgz",
      "integrity": "sha1-wY29fHOl2/b0SgJNwNFloeexw5I="
    },
    "mime-types": {
      "version": "2.1.13",
      "resolved": "https://registry.npmjs.org/mime-types/-/mime-types-2.1.13.tgz",
      "integrity": "sha1-4HqqnGxrmnyjASxpADrSWjnpKog=",
      "requires": {
        "mime-db": "~1.25.0"
      }
    },
    "moment": {
      "version": "2.24.0",
      "resolved": "https://registry.npmjs.org/moment/-/moment-2.24.0.tgz",
      "integrity": "sha512-bV7f+6l2QigeBBZSM/6yTNq4P2fNpSWj/0e7jQcy87A8e7o2nAfP/34/2ky5Vw4B9S446EtIhodAzkFCcR4dQg=="
    },
    "moment-duration-format": {
      "version": "1.3.0",
      "resolved": "https://registry.npmjs.org/moment-duration-format/-/moment-duration-format-1.3.0.tgz",
      "integrity": "sha1-VBdxtfh6BJzGVUBHXTrZZnN9aQg="
    },
    "object-assign": {
      "version": "4.1.1",
      "resolved": "https://registry.npmjs.org/object-assign/-/object-assign-4.1.1.tgz",
      "integrity": "sha1-IQmtx5ZYh8/AXLvUQsrIv7s2CGM="
    },
    "octicons": {
      "version": "3.4.1",
      "resolved": "https://registry.npmjs.org/octicons/-/octicons-3.4.1.tgz",
      "integrity": "sha1-BCw+QzoBdiEto/LmGkhn57lVV7E="
    },
    "prop-types": {
      "version": "15.7.2",
      "resolved": "https://registry.npmjs.org/prop-types/-/prop-types-15.7.2.tgz",
      "integrity": "sha512-8QQikdH7//R2vurIJSutZ1smHYTcLpRWEOlHnzcWHmBYrOGUysKwSsrC89BCiFj3CbrfJ/nXFdJepOVrY1GCHQ==",
      "requires": {
        "loose-envify": "^1.4.0",
        "object-assign": "^4.1.1",
        "react-is": "^16.8.1"
      }
    },
    "ramda": {
      "version": "0.17.1",
      "resolved": "https://registry.npmjs.org/ramda/-/ramda-0.17.1.tgz",
      "integrity": "sha1-TBmBR9OrVOjBUlXxFzDiEW9uYHM="
    },
    "react-is": {
      "version": "16.13.1",
      "resolved": "https://registry.npmjs.org/react-is/-/react-is-16.13.1.tgz",
      "integrity": "sha512-24e6ynE2H+OKt4kqsOvNd8kBpV65zoxbA4BVsEOB3ARVWQki/DHzaUoC5KuON/BiccDaCCTZBuOcfZs70kR8bQ=="
    },
    "react-sticky": {
      "version": "5.0.8",
      "resolved": "https://registry.npmjs.org/react-sticky/-/react-sticky-5.0.8.tgz",
      "integrity": "sha1-1fhflpd/QQCB15KrgYhsYixdixQ=",
      "requires": {
        "prop-types": "^15.5.8"
      }
    },
    "roboto-fontface": {
      "version": "0.6.1",
      "resolved": "https://registry.npmjs.org/roboto-fontface/-/roboto-fontface-0.6.1.tgz",
      "integrity": "sha1-vVarPtTkovKaG9IPv1+S6eTPNUA="
    },
    "rss": {
      "version": "1.2.2",
      "resolved": "https://registry.npmjs.org/rss/-/rss-1.2.2.tgz",
      "integrity": "sha1-UKFpiHYTgTOnT5oF0r3I240nqSE=",
      "requires": {
        "mime-types": "2.1.13",
        "xml": "1.0.1"
      }
    },
    "string.prototype.repeat": {
      "version": "0.2.0",
      "resolved": "https://registry.npmjs.org/string.prototype.repeat/-/string.prototype.repeat-0.2.0.tgz",
      "integrity": "sha1-q6Nt4I3O5qWjN9SbLqHaGyj8Ds8="
    },
    "trim-html-tag": {
      "version": "1.0.5",
      "resolved": "https://registry.npmjs.org/trim-html-tag/-/trim-html-tag-1.0.5.tgz",
      "integrity": "sha1-u+rNf8P8wELOcC+RqtHM2dBad64=",
      "requires": {
        "ramda": "^0.17.1"
      }
    },
    "xml": {
      "version": "1.0.1",
      "resolved": "https://registry.npmjs.org/xml/-/xml-1.0.1.tgz",
      "integrity": "sha1-eLpyAgApxbyHuKgaPPzXS0ovweU="
    }
  }
}
